
Microsoft Visual Studio Solution File, Format Version 12.00
# Visual Studio Version 17
VisualStudioVersion = 17.3.32929.385
MinimumVisualStudioVersion = 10.0.40219.1
Project("{9A19103F-16F7-4668-BE54-9A1E7A4F7556}") = "TodolistApp", "TodolistApp.csproj", "{48FB8396-94D4-421D-8362-2E640B80BB2E}"
EndProject
Global
	GlobalSection(SolutionConfigurationPlatforms) = preSolution
		Debug|Any CPU = Debug|Any CPU
		Release|Any CPU = Release|Any CPU
	EndGlobalSection
	GlobalSection(ProjectConfigurationPlatforms) = postSolution
		{48FB8396-94D4-421D-8362-2E640B80BB2E}.Debug|Any CPU.ActiveCfg = Debug|Any CPU
		{48FB8396-94D4-421D-8362-2E640B80BB2E}.Debug|Any CPU.Build.0 = Debug|Any CPU
		{48FB8396-94D4-421D-8362-2E640B80BB2E}.Release|Any CPU.ActiveCfg = Release|Any CPU
		{48FB8396-94D4-421D-8362-2E640B80BB2E}.Release|Any CPU.Build.0 = Release|Any CPU
	EndGlobalSection
	GlobalSection(SolutionProperties) = preSolution
		HideSolutionNode = FALSE
	EndGlobalSection
	GlobalSection(ExtensibilityGlobals) = postSolution
		SolutionGuid = {9AE3FD00-4D38-4DE5-85B3-91A8FED09147}
	EndGlobalSection
EndGlobal
